{
  "requires": true,
  "lockfileVersion": 1,
  "dependencies": {
    "total.js": {
      "version": "3.0.1-32",
      "resolved": "https://registry.npmjs.org/total.js/-/total.js-3.0.1-32.tgz",
      "integrity": "sha512-C7tl91Srx+zxKxPFcCcf6h9mKM7TB3Vo2JJt1dVw+wb2SSCkPSlMgLR4x0cpjWF751k+erfXojMyxy45HQ9Dzw=="
    }
  }
}
